// !$*UTF8*$!
{
	archiveVersion = 1;
	classes = {
	};
	objectVersion = 48;
	objects = {

/* Begin PBXBuildFile section */
		D38669E51FE0865B0061A01B /* AppDelegate.swift in Sources */ = {isa = PBXBuildFile; fileRef = D38669E41FE0865B0061A01B /* AppDelegate.swift */; };
		D38669E71FE0865B0061A01B /* Assets.xcassets in Resources */ = {isa = PBXBuildFile; fileRef = D38669E61FE0865B0061A01B /* Assets.xcassets */; };
		D38669EA1FE0865B0061A01B /* MainMenu.xib in Resources */ = {isa = PBXBuildFile; fileRef = D38669E81FE0865B0061A01B /* MainMenu.xib */; };
		D38669F61FE0865B0061A01B /* PeltTests.swift in Sources */ = {isa = PBXBuildFile; fileRef = D38669F51FE0865B0061A01B /* PeltTests.swift */; };
		D3866A011FE087230061A01B /* Theme.swift in Sources */ = {isa = PBXBuildFile; fileRef = D3866A001FE087230061A01B /* Theme.swift */; };
		D3866A051FE094B40061A01B /* AbletonView.swift in Sources */ = {isa = PBXBuildFile; fileRef = D3866A041FE094B40061A01B /* AbletonView.swift */; };
		D3866A091FE096C20061A01B /* AbletonViewController.swift in Sources */ = {isa = PBXBuildFile; fileRef = D3866A071FE096C20061A01B /* AbletonViewController.swift */; };
		D3866A0D1FE097130061A01B /* AbletonViewDelagate.swift in Sources */ = {isa = PBXBuildFile; fileRef = D3866A0C1FE097130061A01B /* AbletonViewDelagate.swift */; };
/* End PBXBuildFile section */

/* Begin PBXContainerItemProxy section */
		D38669F21FE0865B0061A01B /* PBXContainerItemProxy */ = {
			isa = PBXContainerItemProxy;
			containerPortal = D38669D91FE0865B0061A01B /* Project object */;
			proxyType = 1;
			remoteGlobalIDString = D38669E01FE0865B0061A01B;
			remoteInfo = Pelt;
		};
/* End PBXContainerItemProxy section */

/* Begin PBXFileReference section */
		D38669E11FE0865B0061A01B /* Pelt.app */ = {isa = PBXFileReference; explicitFileType = wrapper.application; includeInIndex = 0; path = Pelt.app; sourceTree = BUILT_PRODUCTS_DIR; };
		D38669E41FE0865B0061A01B /* AppDelegate.swift */ = {isa = PBXFileReference; lastKnownFileType = sourcecode.swift; path = AppDelegate.swift; sourceTree = "<group>"; };
		D38669E61FE0865B0061A01B /* Assets.xcassets */ = {isa = PBXFileReference; lastKnownFileType = folder.assetcatalog; path = Assets.xcassets; sourceTree = "<group>"; };
		D38669E91FE0865B0061A01B /* Base */ = {isa = PBXFileReference; lastKnownFileType = file.xib; name = Base; path = Base.lproj/MainMenu.xib; sourceTree = "<group>"; };
		D38669EB1FE0865B0061A01B /* Info.plist */ = {isa = PBXFileReference; lastKnownFileType = text.plist.xml; path = Info.plist; sourceTree = "<group>"; };
		D38669EC1FE0865B0061A01B /* Pelt.entitlements */ = {isa = PBXFileReference; lastKnownFileType = text.plist.entitlements; path = Pelt.entitlements; sourceTree = "<group>"; };
		D38669F11FE0865B0061A01B /* PeltTests.xctest */ = {isa = PBXFileReference; explicitFileType = wrapper.cfbundle; includeInIndex = 0; path = PeltTests.xctest; sourceTree = BUILT_PRODUCTS_DIR; };
		D38669F51FE0865B0061A01B /* PeltTests.swift */ = {isa = PBXFileReference; lastKnownFileType = sourcecode.swift; path = PeltTests.swift; sourceTree = "<group>"; };
		D38669F71FE0865B0061A01B /* Info.plist */ = {isa = PBXFileReference; lastKnownFileType = text.plist.xml; path = Info.plist; sourceTree = "<group>"; };
		D3866A001FE087230061A01B /* Theme.swift */ = {isa = PBXFileReference; lastKnownFileType = sourcecode.swift; path = Theme.swift; sourceTree = "<group>"; };
		D3866A041FE094B40061A01B /* AbletonView.swift */ = {isa = PBXFileReference; lastKnownFileType = sourcecode.swift; path = AbletonView.swift; sourceTree = "<group>"; };
		D3866A071FE096C20061A01B /* AbletonViewController.swift */ = {isa = PBXFileReference; lastKnownFileType = sourcecode.swift; path = AbletonViewController.swift; sourceTree = "<group>"; };
		D3866A0C1FE097130061A01B /* AbletonViewDelagate.swift */ = {isa = PBXFileReference; lastKnownFileType = sourcecode.swift; path = AbletonViewDelagate.swift; sourceTree = "<group>"; };
/* End PBXFileReference section */

/* Begin PBXFrameworksBuildPhase section */
		D38669DE1FE0865B0061A01B /* Frameworks */ = {
			isa = PBXFrameworksBuildPhase;
			buildActionMask = 2147483647;
			files = (
			);
			runOnlyForDeploymentPostprocessing = 0;
		};
		D38669EE1FE0865B0061A01B /* Frameworks */ = {
			isa = PBXFrameworksBuildPhase;
			buildActionMask = 2147483647;
			files = (
			);
			runOnlyForDeploymentPostprocessing = 0;
		};
/* End PBXFrameworksBuildPhase section */

/* Begin PBXGroup section */
		D38669D81FE0865B0061A01B = {
			isa = PBXGroup;
			children = (
				D38669E31FE0865B0061A01B /* Pelt */,
				D38669F41FE0865B0061A01B /* PeltTests */,
				D38669E21FE0865B0061A01B /* Products */,
			);
			sourceTree = "<group>";
		};
		D38669E21FE0865B0061A01B /* Products */ = {
			isa = PBXGroup;
			children = (
				D38669E11FE0865B0061A01B /* Pelt.app */,
				D38669F11FE0865B0061A01B /* PeltTests.xctest */,
			);
			name = Products;
			sourceTree = "<group>";
		};
		D38669E31FE0865B0061A01B /* Pelt */ = {
			isa = PBXGroup;
			children = (
				D3866A0B1FE096DF0061A01B /* Protocols */,
				D3866A061FE095F20061A01B /* Controller */,
				D3866A031FE094A40061A01B /* View */,
				D3866A021FE087650061A01B /* Model */,
				D38669E41FE0865B0061A01B /* AppDelegate.swift */,
				D38669E61FE0865B0061A01B /* Assets.xcassets */,
				D38669E81FE0865B0061A01B /* MainMenu.xib */,
				D38669EB1FE0865B0061A01B /* Info.plist */,
				D38669EC1FE0865B0061A01B /* Pelt.entitlements */,
			);
			path = Pelt;
			sourceTree = "<group>";
		};
		D38669F41FE0865B0061A01B /* PeltTests */ = {
			isa = PBXGroup;
			children = (
				D38669F51FE0865B0061A01B /* PeltTests.swift */,
				D38669F71FE0865B0061A01B /* Info.plist */,
			);
			path = PeltTests;
			sourceTree = "<group>";
		};
		D3866A021FE087650061A01B /* Model */ = {
			isa = PBXGroup;
			children = (
				D3866A001FE087230061A01B /* Theme.swift */,
			);
			path = Model;
			sourceTree = "<group>";
		};
		D3866A031FE094A40061A01B /* View */ = {
			isa = PBXGroup;
			children = (
				D3866A041FE094B40061A01B /* AbletonView.swift */,
			);
			path = View;
			sourceTree = "<group>";
		};
		D3866A061FE095F20061A01B /* Controller */ = {
			isa = PBXGroup;
			children = (
				D3866A071FE096C20061A01B /* AbletonViewController.swift */,
			);
			path = Controller;
			sourceTree = "<group>";
		};
		D3866A0B1FE096DF0061A01B /* Protocols */ = {
			isa = PBXGroup;
			children = (
				D3866A0C1FE097130061A01B /* AbletonViewDelagate.swift */,
			);
			path = Protocols;
			sourceTree = "<group>";
		};
/* End PBXGroup section */

/* Begin PBXNativeTarget section */
		D38669E01FE0865B0061A01B /* Pelt */ = {
			isa = PBXNativeTarget;
			buildConfigurationList = D38669FA1FE0865B0061A01B /* Build configuration list for PBXNativeTarget "Pelt" */;
			buildPhases = (
				D38669DD1FE0865B0061A01B /* Sources */,
				D38669DE1FE0865B0061A01B /* Frameworks */,
				D38669DF1FE0865B0061A01B /* Resources */,
			);
			buildRules = (
			);
			dependencies = (
			);
			name = Pelt;
			productName = Pelt;
			productReference = D38669E11FE0865B0061A01B /* Pelt.app */;
			productType = "com.apple.product-type.application";
		};
		D38669F01FE0865B0061A01B /* PeltTests */ = {
			isa = PBXNativeTarget;
			buildConfigurationList = D38669FD1FE0865B0061A01B /* Build configuration list for PBXNativeTarget "PeltTests" */;
			buildPhases = (
				D38669ED1FE0865B0061A01B /* Sources */,
				D38669EE1FE0865B0061A01B /* Frameworks */,
				D38669EF1FE0865B0061A01B /* Resources */,
			);
			buildRules = (
			);
			dependencies = (
				D38669F31FE0865B0061A01B /* PBXTargetDependency */,
			);
			name = PeltTests;
			productName = PeltTests;
			productReference = D38669F11FE0865B0061A01B /* PeltTests.xctest */;
			productType = "com.apple.product-type.bundle.unit-test";
		};
/* End PBXNativeTarget section */

/* Begin PBXProject section */
		D38669D91FE0865B0061A01B /* Project object */ = {
			isa = PBXProject;
			attributes = {
				LastSwiftUpdateCheck = 0920;
				LastUpgradeCheck = 0920;
				ORGANIZATIONNAME = "Brian Williams";
				TargetAttributes = {
					D38669E01FE0865B0061A01B = {
						CreatedOnToolsVersion = 9.2;
						ProvisioningStyle = Automatic;
					};
					D38669F01FE0865B0061A01B = {
						CreatedOnToolsVersion = 9.2;
						ProvisioningStyle = Automatic;
						TestTargetID = D38669E01FE0865B0061A01B;
					};
				};
			};
			buildConfigurationList = D38669DC1FE0865B0061A01B /* Build configuration list for PBXProject "Pelt" */;
			compatibilityVersion = "Xcode 8.0";
			developmentRegion = en;
			hasScannedForEncodings = 0;
			knownRegions = (
				en,
				Base,
			);
			mainGroup = D38669D81FE0865B0061A01B;
			productRefGroup = D38669E21FE0865B0061A01B /* Products */;
			projectDirPath = "";
			projectRoot = "";
			targets = (
				D38669E01FE0865B0061A01B /* Pelt */,
				D38669F01FE0865B0061A01B /* PeltTests */,
			);
		};
/* End PBXProject section */

/* Begin PBXResourcesBuildPhase section */
		D38669DF1FE0865B0061A01B /* Resources */ = {
			isa = PBXResourcesBuildPhase;
			buildActionMask = 2147483647;
			files = (
				D38669E71FE0865B0061A01B /* Assets.xcassets in Resources */,
				D38669EA1FE0865B0061A01B /* MainMenu.xib in Resources */,
			);
			runOnlyForDeploymentPostprocessing = 0;
		};
		D38669EF1FE0865B0061A01B /* Resources */ = {
			isa = PBXResourcesBuildPhase;
			buildActionMask = 2147483647;
			files = (
			);
			runOnlyForDeploymentPostprocessing = 0;
		};
/* End PBXResourcesBuildPhase section */

/* Begin PBXSourcesBuildPhase section */
		D38669DD1FE0865B0061A01B /* Sources */ = {
			isa = PBXSourcesBuildPhase;
			buildActionMask = 2147483647;
			files = (
				D38669E51FE0865B0061A01B /* AppDelegate.swift in Sources */,
				D3866A051FE094B40061A01B /* AbletonView.swift in Sources */,
				D3866A091FE096C20061A01B /* AbletonViewController.swift in Sources */,
				D3866A0D1FE097130061A01B /* AbletonViewDelagate.swift in Sources */,
				D3866A011FE087230061A01B /* Theme.swift in Sources */,
			);
			runOnlyForDeploymentPostprocessing = 0;
		};
		D38669ED1FE0865B0061A01B /* Sources */ = {
			isa = PBXSourcesBuildPhase;
			buildActionMask = 2147483647;
			files = (
				D38669F61FE0865B0061A01B /* PeltTests.swift in Sources */,
			);
			runOnlyForDeploymentPostprocessing = 0;
		};
/* End PBXSourcesBuildPhase section */

/* Begin PBXTargetDependency section */
		D38669F31FE0865B0061A01B /* PBXTargetDependency */ = {
			isa = PBXTargetDependency;
			target = D38669E01FE0865B0061A01B /* Pelt */;
			targetProxy = D38669F21FE0865B0061A01B /* PBXContainerItemProxy */;
		};
/* End PBXTargetDependency section */

/* Begin PBXVariantGroup section */
		D38669E81FE0865B0061A01B /* MainMenu.xib */ = {
			isa = PBXVariantGroup;
			children = (
				D38669E91FE0865B0061A01B /* Base */,
			);
			name = MainMenu.xib;
			sourceTree = "<group>";
		};
/* End PBXVariantGroup section */

/* Begin XCBuildConfiguration section */
		D38669F81FE0865B0061A01B /* Debug */ = {
			isa = XCBuildConfiguration;
			buildSettings = {
				ALWAYS_SEARCH_USER_PATHS = NO;
				CLANG_ANALYZER_NONNULL = YES;
				CLANG_ANALYZER_NUMBER_OBJECT_CONVERSION = YES_AGGRESSIVE;
				CLANG_CXX_LANGUAGE_STANDARD = "gnu++14";
				CLANG_CXX_LIBRARY = "libc++";
				CLANG_ENABLE_MODULES = YES;
				CLANG_ENABLE_OBJC_ARC = YES;
				CLANG_WARN_BLOCK_CAPTURE_AUTORELEASING = YES;
				CLANG_WARN_BOOL_CONVERSION = YES;
				CLANG_WARN_COMMA = YES;
				CLANG_WARN_CONSTANT_CONVERSION = YES;
				CLANG_WARN_DIRECT_OBJC_ISA_USAGE = YES_ERROR;
				CLANG_WARN_DOCUMENTATION_COMMENTS = YES;
				CLANG_WARN_EMPTY_BODY = YES;
				CLANG_WARN_ENUM_CONVERSION = YES;
				CLANG_WARN_INFINITE_RECURSION = YES;
				CLANG_WARN_INT_CONVERSION = YES;
				CLANG_WARN_NON_LITERAL_NULL_CONVERSION = YES;
				CLANG_WARN_OBJC_LITERAL_CONVERSION = YES;
				CLANG_WARN_OBJC_ROOT_CLASS = YES_ERROR;
				CLANG_WARN_RANGE_LOOP_ANALYSIS = YES;
				CLANG_WARN_STRICT_PROTOTYPES = YES;
				CLANG_WARN_SUSPICIOUS_MOVE = YES;
				CLANG_WARN_UNGUARDED_AVAILABILITY = YES_AGGRESSIVE;
				CLANG_WARN_UNREACHABLE_CODE = YES;
				CLANG_WARN__DUPLICATE_METHOD_MATCH = YES;
				CODE_SIGN_IDENTITY = "Mac Developer";
				COPY_PHASE_STRIP = NO;
				DEBUG_INFORMATION_FORMAT = dwarf;
				ENABLE_STRICT_OBJC_MSGSEND = YES;
				ENABLE_TESTABILITY = YES;
				GCC_C_LANGUAGE_STANDARD = gnu11;
				GCC_DYNAMIC_NO_PIC = NO;
				GCC_NO_COMMON_BLOCKS = YES;
				GCC_OPTIMIZATION_LEVEL = 0;
				GCC_PREPROCESSOR_DEFINITIONS = (
					"DEBUG=1",
					"$(inherited)",
				);
				GCC_WARN_64_TO_32_BIT_CONVERSION = YES;
				GCC_WARN_ABOUT_RETURN_TYPE = YES_ERROR;
				GCC_WARN_UNDECLARED_SELECTOR = YES;
				GCC_WARN_UNINITIALIZED_AUTOS = YES_AGGRESSIVE;
				GCC_WARN_UNUSED_FUNCTION = YES;
				GCC_WARN_UNUSED_VARIABLE = YES;
				MACOSX_DEPLOYMENT_TARGET = 10.13;
				MTL_ENABLE_DEBUG_INFO = YES;
				ONLY_ACTIVE_ARCH = YES;
				SDKROOT = macosx;
				SWIFT_ACTIVE_COMPILATION_CONDITIONS = DEBUG;
				SWIFT_OPTIMIZATION_LEVEL = "-Onone";
			};
			name = Debug;
		};
		D38669F91FE0865B0061A01B /* Release */ = {
			isa = XCBuildConfiguration;
			buildSettings = {
				ALWAYS_SEARCH_USER_PATHS = NO;
				CLANG_ANALYZER_NONNULL = YES;
				CLANG_ANALYZER_NUMBER_OBJECT_CONVERSION = YES_AGGRESSIVE;
				CLANG_CXX_LANGUAGE_STANDARD = "gnu++14";
				CLANG_CXX_LIBRARY = "libc++";
				CLANG_ENABLE_MODULES = YES;
				CLANG_ENABLE_OBJC_ARC = YES;
				CLANG_WARN_BLOCK_CAPTURE_AUTORELEASING = YES;
				CLANG_WARN_BOOL_CONVERSION = YES;
				CLANG_WARN_COMMA = YES;
				CLANG_WARN_CONSTANT_CONVERSION = YES;
				CLANG_WARN_DIRECT_OBJC_ISA_USAGE = YES_ERROR;
				CLANG_WARN_DOCUMENTATION_COMMENTS = YES;
				CLANG_WARN_EMPTY_BODY = YES;
				CLANG_WARN_ENUM_CONVERSION = YES;
				CLANG_WARN_INFINITE_RECURSION = YES;
				CLANG_WARN_INT_CONVERSION = YES;
				CLANG_WARN_NON_LITERAL_NULL_CONVERSION = YES;
				CLANG_WARN_OBJC_LITERAL_CONVERSION = YES;
				CLANG_WARN_OBJC_ROOT_CLASS = YES_ERROR;
				CLANG_WARN_RANGE_LOOP_ANALYSIS = YES;
				CLANG_WARN_STRICT_PROTOTYPES = YES;
				CLANG_WARN_SUSPICIOUS_MOVE = YES;
				CLANG_WARN_UNGUARDED_AVAILABILITY = YES_AGGRESSIVE;
				CLANG_WARN_UNREACHABLE_CODE = YES;
				CLANG_WARN__DUPLICATE_METHOD_MATCH = YES;
				CODE_SIGN_IDENTITY = "Mac Developer";
				COPY_PHASE_STRIP = NO;
				DEBUG_INFORMATION_FORMAT = "dwarf-with-dsym";
				ENABLE_NS_ASSERTIONS = NO;
				ENABLE_STRICT_OBJC_MSGSEND = YES;
				GCC_C_LANGUAGE_STANDARD = gnu11;
				GCC_NO_COMMON_BLOCKS = YES;
				GCC_WARN_64_TO_32_BIT_CONVERSION = YES;
				GCC_WARN_ABOUT_RETURN_TYPE = YES_ERROR;
				GCC_WARN_UNDECLARED_SELECTOR = YES;
				GCC_WARN_UNINITIALIZED_AUTOS = YES_AGGRESSIVE;
				GCC_WARN_UNUSED_FUNCTION = YES;
				GCC_WARN_UNUSED_VARIABLE = YES;
				MACOSX_DEPLOYMENT_TARGET = 10.13;
				MTL_ENABLE_DEBUG_INFO = NO;
				SDKROOT = macosx;
				SWIFT_OPTIMIZATION_LEVEL = "-Owholemodule";
			};
			name = Release;
		};
		D38669FB1FE0865B0061A01B /* Debug */ = {
			isa = XCBuildConfiguration;
			buildSettings = {
				ASSETCATALOG_COMPILER_APPICON_NAME = AppIcon;
				CODE_SIGN_ENTITLEMENTS = Pelt/Pelt.entitlements;
				CODE_SIGN_STYLE = Automatic;
				COMBINE_HIDPI_IMAGES = YES;
				DEVELOPMENT_TEAM = B4MRNC88BC;
				INFOPLIST_FILE = Pelt/Info.plist;
				LD_RUNPATH_SEARCH_PATHS = "$(inherited) @executable_path/../Frameworks";
				PRODUCT_BUNDLE_IDENTIFIER = eviathan.Pelt;
				PRODUCT_NAME = "$(TARGET_NAME)";
				SWIFT_VERSION = 4.0;
			};
			name = Debug;
		};
		D38669FC1FE0865B0061A01B /* Release */ = {
			isa = XCBuildConfiguration;
			buildSettings = {
				ASSETCATALOG_COMPILER_APPICON_NAME = AppIcon;
				CODE_SIGN_ENTITLEMENTS = Pelt/Pelt.entitlements;
				CODE_SIGN_STYLE = Automatic;
				COMBINE_HIDPI_IMAGES = YES;
				DEVELOPMENT_TEAM = B4MRNC88BC;
				INFOPLIST_FILE = Pelt/Info.plist;
				LD_RUNPATH_SEARCH_PATHS = "$(inherited) @executable_path/../Frameworks";
				PRODUCT_BUNDLE_IDENTIFIER = eviathan.Pelt;
				PRODUCT_NAME = "$(TARGET_NAME)";
				SWIFT_VERSION = 4.0;
			};
			name = Release;
		};
		D38669FE1FE0865B0061A01B /* Debug */ = {
			isa = XCBuildConfiguration;
			buildSettings = {
				ALWAYS_EMBED_SWIFT_STANDARD_LIBRARIES = YES;
				BUNDLE_LOADER = "$(TEST_HOST)";
				CODE_SIGN_STYLE = Automatic;
				COMBINE_HIDPI_IMAGES = YES;
				DEVELOPMENT_TEAM = B4MRNC88BC;
				INFOPLIST_FILE = PeltTests/Info.plist;
				LD_RUNPATH_SEARCH_PATHS = "$(inherited) @executable_path/../Frameworks @loader_path/../Frameworks";
				PRODUCT_BUNDLE_IDENTIFIER = eviathan.PeltTests;
				PRODUCT_NAME = "$(TARGET_NAME)";
				SWIFT_VERSION = 4.0;
				TEST_HOST = "$(BUILT_PRODUCTS_DIR)/Pelt.app/Contents/MacOS/Pelt";
			};
			name = Debug;
		};
		D38669FF1FE0865B0061A01B /* Release */ = {
			isa = XCBuildConfiguration;
			buildSettings = {
				ALWAYS_EMBED_SWIFT_STANDARD_LIBRARIES = YES;
				BUNDLE_LOADER = "$(TEST_HOST)";
				CODE_SIGN_STYLE = Automatic;
				COMBINE_HIDPI_IMAGES = YES;
				DEVELOPMENT_TEAM = B4MRNC88BC;
				INFOPLIST_FILE = PeltTests/Info.plist;
				LD_RUNPATH_SEARCH_PATHS = "$(inherited) @executable_path/../Frameworks @loader_path/../Frameworks";
				PRODUCT_BUNDLE_IDENTIFIER = eviathan.PeltTests;
				PRODUCT_NAME = "$(TARGET_NAME)";
				SWIFT_VERSION = 4.0;
				TEST_HOST = "$(BUILT_PRODUCTS_DIR)/Pelt.app/Contents/MacOS/Pelt";
			};
			name = Release;
		};
/* End XCBuildConfiguration section */

/* Begin XCConfigurationList section */
		D38669DC1FE0865B0061A01B /* Build configuration list for PBXProject "Pelt" */ = {
			isa = XCConfigurationList;
			buildConfigurations = (
				D38669F81FE0865B0061A01B /* Debug */,
				D38669F91FE0865B0061A01B /* Release */,
			);
			defaultConfigurationIsVisible = 0;
			defaultConfigurationName = Release;
		};
		D38669FA1FE0865B0061A01B /* Build configuration list for PBXNativeTarget "Pelt" */ = {
			isa = XCConfigurationList;
			buildConfigurations = (
				D38669FB1FE0865B0061A01B /* Debug */,
				D38669FC1FE0865B0061A01B /* Release */,
			);
			defaultConfigurationIsVisible = 0;
			defaultConfigurationName = Release;
		};
		D38669FD1FE0865B0061A01B /* Build configuration list for PBXNativeTarget "PeltTests" */ = {
			isa = XCConfigurationList;
			buildConfigurations = (
				D38669FE1FE0865B0061A01B /* Debug */,
				D38669FF1FE0865B0061A01B /* Release */,
			);
			defaultConfigurationIsVisible = 0;
			defaultConfigurationName = Release;
		};
/* End XCConfigurationList section */
	};
	rootObject = D38669D91FE0865B0061A01B /* Project object */;
}
