// !$*UTF8*$!
{
	archiveVersion = 1;
	classes = {
	};
	objectVersion = 48;
	objects = {

/* Begin PBXBuildFile section */
		D321B2F41FE3347E00AC865F /* AppDelegate.swift in Sources */ = {isa = PBXBuildFile; fileRef = D321B2F31FE3347E00AC865F /* AppDelegate.swift */; };
		D321B2F81FE3347E00AC865F /* Document.swift in Sources */ = {isa = PBXBuildFile; fileRef = D321B2F71FE3347E00AC865F /* Document.swift */; };
		D321B2FB1FE3347E00AC865F /* Document.xcdatamodeld in Sources */ = {isa = PBXBuildFile; fileRef = D321B2F91FE3347E00AC865F /* Document.xcdatamodeld */; };
		D321B2FD1FE3347E00AC865F /* Assets.xcassets in Resources */ = {isa = PBXBuildFile; fileRef = D321B2FC1FE3347E00AC865F /* Assets.xcassets */; };
		D321B3001FE3347E00AC865F /* Main.storyboard in Resources */ = {isa = PBXBuildFile; fileRef = D321B2FE1FE3347E00AC865F /* Main.storyboard */; };
		D321B30C1FE3347E00AC865F /* PeltTests.swift in Sources */ = {isa = PBXBuildFile; fileRef = D321B30B1FE3347E00AC865F /* PeltTests.swift */; };
		D321B3171FE3347E00AC865F /* PeltUITests.swift in Sources */ = {isa = PBXBuildFile; fileRef = D321B3161FE3347E00AC865F /* PeltUITests.swift */; };
		D321B32E1FE3354E00AC865F /* AbletonViewDataSource.swift in Sources */ = {isa = PBXBuildFile; fileRef = D321B32C1FE3354E00AC865F /* AbletonViewDataSource.swift */; };
		D321B32F1FE3354E00AC865F /* DataModelDelegate.swift in Sources */ = {isa = PBXBuildFile; fileRef = D321B32D1FE3354E00AC865F /* DataModelDelegate.swift */; };
		D321B3321FE3355700AC865F /* AbletonView.swift in Sources */ = {isa = PBXBuildFile; fileRef = D321B3301FE3355700AC865F /* AbletonView.swift */; };
		D321B3331FE3355700AC865F /* ThemeExtensions.swift in Sources */ = {isa = PBXBuildFile; fileRef = D321B3311FE3355700AC865F /* ThemeExtensions.swift */; };
		D321B3391FE3361300AC865F /* Theme.swift in Sources */ = {isa = PBXBuildFile; fileRef = D321B3381FE3361300AC865F /* Theme.swift */; };
		D321B33B1FE33B2900AC865F /* App.swift in Sources */ = {isa = PBXBuildFile; fileRef = D321B33A1FE33B2900AC865F /* App.swift */; };
		D36A6EB41FF0559F006016D1 /* PropertyPickerTableCellView.swift in Sources */ = {isa = PBXBuildFile; fileRef = D36A6EB31FF0559F006016D1 /* PropertyPickerTableCellView.swift */; };
		D3B1EF361FF2FBE200178D83 /* ColorListViewController.swift in Sources */ = {isa = PBXBuildFile; fileRef = D3B1EF351FF2FBE200178D83 /* ColorListViewController.swift */; };
		D3B1EF381FF30A9000178D83 /* PropertyListViewController.swift in Sources */ = {isa = PBXBuildFile; fileRef = D3B1EF371FF30A9000178D83 /* PropertyListViewController.swift */; };
		D3B1EF3C1FF319EA00178D83 /* PropertyPickerTableViewCell.swift in Sources */ = {isa = PBXBuildFile; fileRef = D3B1EF3B1FF319E900178D83 /* PropertyPickerTableViewCell.swift */; };
		D3B1EF3E1FF334EB00178D83 /* MainSplitView.swift in Sources */ = {isa = PBXBuildFile; fileRef = D3B1EF3D1FF334EB00178D83 /* MainSplitView.swift */; };
		D3B1EF4D1FF3585200178D83 /* SWXMLHash.framework in Frameworks */ = {isa = PBXBuildFile; fileRef = D3B1EF4C1FF3585200178D83 /* SWXMLHash.framework */; };
		D3B1EF4E1FF3585200178D83 /* SWXMLHash.framework in Embed Frameworks */ = {isa = PBXBuildFile; fileRef = D3B1EF4C1FF3585200178D83 /* SWXMLHash.framework */; settings = {ATTRIBUTES = (CodeSignOnCopy, RemoveHeadersOnCopy, ); }; };
		D3B3EE911FE7275700456980 /* Item.swift in Sources */ = {isa = PBXBuildFile; fileRef = D3B3EE901FE7275700456980 /* Item.swift */; };
		D3B3EE931FE727E500456980 /* Color.swift in Sources */ = {isa = PBXBuildFile; fileRef = D3B3EE921FE727E500456980 /* Color.swift */; };
/* End PBXBuildFile section */

/* Begin PBXContainerItemProxy section */
		D321B3081FE3347E00AC865F /* PBXContainerItemProxy */ = {
			isa = PBXContainerItemProxy;
			containerPortal = D321B2E81FE3347E00AC865F /* Project object */;
			proxyType = 1;
			remoteGlobalIDString = D321B2EF1FE3347E00AC865F;
			remoteInfo = Pelt;
		};
		D321B3131FE3347E00AC865F /* PBXContainerItemProxy */ = {
			isa = PBXContainerItemProxy;
			containerPortal = D321B2E81FE3347E00AC865F /* Project object */;
			proxyType = 1;
			remoteGlobalIDString = D321B2EF1FE3347E00AC865F;
			remoteInfo = Pelt;
		};
/* End PBXContainerItemProxy section */

/* Begin PBXCopyFilesBuildPhase section */
		D3B1EF451FF3564900178D83 /* Embed Frameworks */ = {
			isa = PBXCopyFilesBuildPhase;
			buildActionMask = 2147483647;
			dstPath = "";
			dstSubfolderSpec = 10;
			files = (
				D3B1EF4E1FF3585200178D83 /* SWXMLHash.framework in Embed Frameworks */,
			);
			name = "Embed Frameworks";
			runOnlyForDeploymentPostprocessing = 0;
		};
/* End PBXCopyFilesBuildPhase section */

/* Begin PBXFileReference section */
		D321B2F01FE3347E00AC865F /* Pelt.app */ = {isa = PBXFileReference; explicitFileType = wrapper.application; includeInIndex = 0; path = Pelt.app; sourceTree = BUILT_PRODUCTS_DIR; };
		D321B2F31FE3347E00AC865F /* AppDelegate.swift */ = {isa = PBXFileReference; lastKnownFileType = sourcecode.swift; path = AppDelegate.swift; sourceTree = "<group>"; };
		D321B2F71FE3347E00AC865F /* Document.swift */ = {isa = PBXFileReference; lastKnownFileType = sourcecode.swift; path = Document.swift; sourceTree = "<group>"; };
		D321B2FA1FE3347E00AC865F /* Document.xcdatamodel */ = {isa = PBXFileReference; lastKnownFileType = wrapper.xcdatamodel; path = Document.xcdatamodel; sourceTree = "<group>"; };
		D321B2FC1FE3347E00AC865F /* Assets.xcassets */ = {isa = PBXFileReference; lastKnownFileType = folder.assetcatalog; path = Assets.xcassets; sourceTree = "<group>"; };
		D321B2FF1FE3347E00AC865F /* Base */ = {isa = PBXFileReference; lastKnownFileType = file.storyboard; name = Base; path = Base.lproj/Main.storyboard; sourceTree = "<group>"; };
		D321B3011FE3347E00AC865F /* Info.plist */ = {isa = PBXFileReference; lastKnownFileType = text.plist.xml; path = Info.plist; sourceTree = "<group>"; };
		D321B3021FE3347E00AC865F /* Pelt.entitlements */ = {isa = PBXFileReference; lastKnownFileType = text.plist.entitlements; path = Pelt.entitlements; sourceTree = "<group>"; };
		D321B3071FE3347E00AC865F /* PeltTests.xctest */ = {isa = PBXFileReference; explicitFileType = wrapper.cfbundle; includeInIndex = 0; path = PeltTests.xctest; sourceTree = BUILT_PRODUCTS_DIR; };
		D321B30B1FE3347E00AC865F /* PeltTests.swift */ = {isa = PBXFileReference; lastKnownFileType = sourcecode.swift; path = PeltTests.swift; sourceTree = "<group>"; };
		D321B30D1FE3347E00AC865F /* Info.plist */ = {isa = PBXFileReference; lastKnownFileType = text.plist.xml; path = Info.plist; sourceTree = "<group>"; };
		D321B3121FE3347E00AC865F /* PeltUITests.xctest */ = {isa = PBXFileReference; explicitFileType = wrapper.cfbundle; includeInIndex = 0; path = PeltUITests.xctest; sourceTree = BUILT_PRODUCTS_DIR; };
		D321B3161FE3347E00AC865F /* PeltUITests.swift */ = {isa = PBXFileReference; lastKnownFileType = sourcecode.swift; path = PeltUITests.swift; sourceTree = "<group>"; };
		D321B3181FE3347E00AC865F /* Info.plist */ = {isa = PBXFileReference; lastKnownFileType = text.plist.xml; path = Info.plist; sourceTree = "<group>"; };
		D321B32C1FE3354E00AC865F /* AbletonViewDataSource.swift */ = {isa = PBXFileReference; fileEncoding = 4; lastKnownFileType = sourcecode.swift; path = AbletonViewDataSource.swift; sourceTree = "<group>"; };
		D321B32D1FE3354E00AC865F /* DataModelDelegate.swift */ = {isa = PBXFileReference; fileEncoding = 4; lastKnownFileType = sourcecode.swift; path = DataModelDelegate.swift; sourceTree = "<group>"; };
		D321B3301FE3355700AC865F /* AbletonView.swift */ = {isa = PBXFileReference; fileEncoding = 4; lastKnownFileType = sourcecode.swift; path = AbletonView.swift; sourceTree = "<group>"; };
		D321B3311FE3355700AC865F /* ThemeExtensions.swift */ = {isa = PBXFileReference; fileEncoding = 4; lastKnownFileType = sourcecode.swift; path = ThemeExtensions.swift; sourceTree = "<group>"; };
		D321B3381FE3361300AC865F /* Theme.swift */ = {isa = PBXFileReference; fileEncoding = 4; lastKnownFileType = sourcecode.swift; path = Theme.swift; sourceTree = "<group>"; };
		D321B33A1FE33B2900AC865F /* App.swift */ = {isa = PBXFileReference; lastKnownFileType = sourcecode.swift; path = App.swift; sourceTree = "<group>"; };
		D36A6EB31FF0559F006016D1 /* PropertyPickerTableCellView.swift */ = {isa = PBXFileReference; lastKnownFileType = sourcecode.swift; path = PropertyPickerTableCellView.swift; sourceTree = "<group>"; };
		D3B1EF351FF2FBE200178D83 /* ColorListViewController.swift */ = {isa = PBXFileReference; fileEncoding = 4; lastKnownFileType = sourcecode.swift; path = ColorListViewController.swift; sourceTree = "<group>"; };
		D3B1EF371FF30A9000178D83 /* PropertyListViewController.swift */ = {isa = PBXFileReference; lastKnownFileType = sourcecode.swift; path = PropertyListViewController.swift; sourceTree = "<group>"; };
		D3B1EF3B1FF319E900178D83 /* PropertyPickerTableViewCell.swift */ = {isa = PBXFileReference; fileEncoding = 4; lastKnownFileType = sourcecode.swift; path = PropertyPickerTableViewCell.swift; sourceTree = "<group>"; };
		D3B1EF3D1FF334EB00178D83 /* MainSplitView.swift */ = {isa = PBXFileReference; lastKnownFileType = sourcecode.swift; path = MainSplitView.swift; sourceTree = "<group>"; };
		D3B1EF4C1FF3585200178D83 /* SWXMLHash.framework */ = {isa = PBXFileReference; lastKnownFileType = wrapper.framework; name = SWXMLHash.framework; path = Carthage/Build/Mac/SWXMLHash.framework; sourceTree = "<group>"; };
		D3B3EE901FE7275700456980 /* Item.swift */ = {isa = PBXFileReference; lastKnownFileType = sourcecode.swift; path = Item.swift; sourceTree = "<group>"; };
		D3B3EE921FE727E500456980 /* Color.swift */ = {isa = PBXFileReference; lastKnownFileType = sourcecode.swift; path = Color.swift; sourceTree = "<group>"; };
/* End PBXFileReference section */

/* Begin PBXFrameworksBuildPhase section */
		D321B2ED1FE3347E00AC865F /* Frameworks */ = {
			isa = PBXFrameworksBuildPhase;
			buildActionMask = 2147483647;
			files = (
				D3B1EF4D1FF3585200178D83 /* SWXMLHash.framework in Frameworks */,
			);
			runOnlyForDeploymentPostprocessing = 0;
		};
		D321B3041FE3347E00AC865F /* Frameworks */ = {
			isa = PBXFrameworksBuildPhase;
			buildActionMask = 2147483647;
			files = (
			);
			runOnlyForDeploymentPostprocessing = 0;
		};
		D321B30F1FE3347E00AC865F /* Frameworks */ = {
			isa = PBXFrameworksBuildPhase;
			buildActionMask = 2147483647;
			files = (
			);
			runOnlyForDeploymentPostprocessing = 0;
		};
/* End PBXFrameworksBuildPhase section */

/* Begin PBXGroup section */
		D321B2E71FE3347E00AC865F = {
			isa = PBXGroup;
			children = (
				D3B1EF4C1FF3585200178D83 /* SWXMLHash.framework */,
				D321B2F21FE3347E00AC865F /* Pelt */,
				D321B30A1FE3347E00AC865F /* PeltTests */,
				D321B3151FE3347E00AC865F /* PeltUITests */,
				D321B2F11FE3347E00AC865F /* Products */,
			);
			sourceTree = "<group>";
		};
		D321B2F11FE3347E00AC865F /* Products */ = {
			isa = PBXGroup;
			children = (
				D321B2F01FE3347E00AC865F /* Pelt.app */,
				D321B3071FE3347E00AC865F /* PeltTests.xctest */,
				D321B3121FE3347E00AC865F /* PeltUITests.xctest */,
			);
			name = Products;
			sourceTree = "<group>";
		};
		D321B2F21FE3347E00AC865F /* Pelt */ = {
			isa = PBXGroup;
			children = (
				D321B3371FE3357E00AC865F /* Models */,
				D321B3361FE3357400AC865F /* Views */,
				D321B3351FE3356600AC865F /* Protocols */,
				D321B3341FE3355C00AC865F /* Extensions */,
				D321B32A1FE334F600AC865F /* Controllers */,
				D321B2F31FE3347E00AC865F /* AppDelegate.swift */,
				D321B2F71FE3347E00AC865F /* Document.swift */,
				D321B2FC1FE3347E00AC865F /* Assets.xcassets */,
				D321B2FE1FE3347E00AC865F /* Main.storyboard */,
				D321B3011FE3347E00AC865F /* Info.plist */,
				D321B3021FE3347E00AC865F /* Pelt.entitlements */,
				D321B2F91FE3347E00AC865F /* Document.xcdatamodeld */,
				D321B33A1FE33B2900AC865F /* App.swift */,
			);
			path = Pelt;
			sourceTree = "<group>";
		};
		D321B30A1FE3347E00AC865F /* PeltTests */ = {
			isa = PBXGroup;
			children = (
				D321B30B1FE3347E00AC865F /* PeltTests.swift */,
				D321B30D1FE3347E00AC865F /* Info.plist */,
			);
			path = PeltTests;
			sourceTree = "<group>";
		};
		D321B3151FE3347E00AC865F /* PeltUITests */ = {
			isa = PBXGroup;
			children = (
				D321B3161FE3347E00AC865F /* PeltUITests.swift */,
				D321B3181FE3347E00AC865F /* Info.plist */,
			);
			path = PeltUITests;
			sourceTree = "<group>";
		};
		D321B32A1FE334F600AC865F /* Controllers */ = {
			isa = PBXGroup;
			children = (
				D3B1EF351FF2FBE200178D83 /* ColorListViewController.swift */,
				D3B1EF371FF30A9000178D83 /* PropertyListViewController.swift */,
			);
			path = Controllers;
			sourceTree = "<group>";
		};
		D321B3341FE3355C00AC865F /* Extensions */ = {
			isa = PBXGroup;
			children = (
				D321B3311FE3355700AC865F /* ThemeExtensions.swift */,
			);
			path = Extensions;
			sourceTree = "<group>";
		};
		D321B3351FE3356600AC865F /* Protocols */ = {
			isa = PBXGroup;
			children = (
				D321B32C1FE3354E00AC865F /* AbletonViewDataSource.swift */,
				D321B32D1FE3354E00AC865F /* DataModelDelegate.swift */,
			);
			path = Protocols;
			sourceTree = "<group>";
		};
		D321B3361FE3357400AC865F /* Views */ = {
			isa = PBXGroup;
			children = (
				D3B1EF3B1FF319E900178D83 /* PropertyPickerTableViewCell.swift */,
				D321B3301FE3355700AC865F /* AbletonView.swift */,
				D36A6EB31FF0559F006016D1 /* PropertyPickerTableCellView.swift */,
				D3B1EF3D1FF334EB00178D83 /* MainSplitView.swift */,
			);
			path = Views;
			sourceTree = "<group>";
		};
		D321B3371FE3357E00AC865F /* Models */ = {
			isa = PBXGroup;
			children = (
				D321B3381FE3361300AC865F /* Theme.swift */,
				D3B3EE901FE7275700456980 /* Item.swift */,
				D3B3EE921FE727E500456980 /* Color.swift */,
			);
			path = Models;
			sourceTree = "<group>";
		};
/* End PBXGroup section */

/* Begin PBXNativeTarget section */
		D321B2EF1FE3347E00AC865F /* Pelt */ = {
			isa = PBXNativeTarget;
			buildConfigurationList = D321B31B1FE3347E00AC865F /* Build configuration list for PBXNativeTarget "Pelt" */;
			buildPhases = (
				D321B2EC1FE3347E00AC865F /* Sources */,
				D321B2ED1FE3347E00AC865F /* Frameworks */,
				D321B2EE1FE3347E00AC865F /* Resources */,
				D3B1EF451FF3564900178D83 /* Embed Frameworks */,
			);
			buildRules = (
			);
			dependencies = (
			);
			name = Pelt;
			productName = Pelt;
			productReference = D321B2F01FE3347E00AC865F /* Pelt.app */;
			productType = "com.apple.product-type.application";
		};
		D321B3061FE3347E00AC865F /* PeltTests */ = {
			isa = PBXNativeTarget;
			buildConfigurationList = D321B31E1FE3347E00AC865F /* Build configuration list for PBXNativeTarget "PeltTests" */;
			buildPhases = (
				D321B3031FE3347E00AC865F /* Sources */,
				D321B3041FE3347E00AC865F /* Frameworks */,
				D321B3051FE3347E00AC865F /* Resources */,
			);
			buildRules = (
			);
			dependencies = (
				D321B3091FE3347E00AC865F /* PBXTargetDependency */,
			);
			name = PeltTests;
			productName = PeltTests;
			productReference = D321B3071FE3347E00AC865F /* PeltTests.xctest */;
			productType = "com.apple.product-type.bundle.unit-test";
		};
		D321B3111FE3347E00AC865F /* PeltUITests */ = {
			isa = PBXNativeTarget;
			buildConfigurationList = D321B3211FE3347E00AC865F /* Build configuration list for PBXNativeTarget "PeltUITests" */;
			buildPhases = (
				D321B30E1FE3347E00AC865F /* Sources */,
				D321B30F1FE3347E00AC865F /* Frameworks */,
				D321B3101FE3347E00AC865F /* Resources */,
			);
			buildRules = (
			);
			dependencies = (
				D321B3141FE3347E00AC865F /* PBXTargetDependency */,
			);
			name = PeltUITests;
			productName = PeltUITests;
			productReference = D321B3121FE3347E00AC865F /* PeltUITests.xctest */;
			productType = "com.apple.product-type.bundle.ui-testing";
		};
/* End PBXNativeTarget section */

/* Begin PBXProject section */
		D321B2E81FE3347E00AC865F /* Project object */ = {
			isa = PBXProject;
			attributes = {
				LastSwiftUpdateCheck = 0920;
				LastUpgradeCheck = 0920;
				ORGANIZATIONNAME = "Brian Williams";
				TargetAttributes = {
					D321B2EF1FE3347E00AC865F = {
						CreatedOnToolsVersion = 9.2;
						ProvisioningStyle = Automatic;
					};
					D321B3061FE3347E00AC865F = {
						CreatedOnToolsVersion = 9.2;
						ProvisioningStyle = Automatic;
						TestTargetID = D321B2EF1FE3347E00AC865F;
					};
					D321B3111FE3347E00AC865F = {
						CreatedOnToolsVersion = 9.2;
						ProvisioningStyle = Automatic;
						TestTargetID = D321B2EF1FE3347E00AC865F;
					};
				};
			};
			buildConfigurationList = D321B2EB1FE3347E00AC865F /* Build configuration list for PBXProject "Pelt" */;
			compatibilityVersion = "Xcode 8.0";
			developmentRegion = en;
			hasScannedForEncodings = 0;
			knownRegions = (
				en,
				Base,
			);
			mainGroup = D321B2E71FE3347E00AC865F;
			productRefGroup = D321B2F11FE3347E00AC865F /* Products */;
			projectDirPath = "";
			projectRoot = "";
			targets = (
				D321B2EF1FE3347E00AC865F /* Pelt */,
				D321B3061FE3347E00AC865F /* PeltTests */,
				D321B3111FE3347E00AC865F /* PeltUITests */,
			);
		};
/* End PBXProject section */

/* Begin PBXResourcesBuildPhase section */
		D321B2EE1FE3347E00AC865F /* Resources */ = {
			isa = PBXResourcesBuildPhase;
			buildActionMask = 2147483647;
			files = (
				D321B2FD1FE3347E00AC865F /* Assets.xcassets in Resources */,
				D321B3001FE3347E00AC865F /* Main.storyboard in Resources */,
			);
			runOnlyForDeploymentPostprocessing = 0;
		};
		D321B3051FE3347E00AC865F /* Resources */ = {
			isa = PBXResourcesBuildPhase;
			buildActionMask = 2147483647;
			files = (
			);
			runOnlyForDeploymentPostprocessing = 0;
		};
		D321B3101FE3347E00AC865F /* Resources */ = {
			isa = PBXResourcesBuildPhase;
			buildActionMask = 2147483647;
			files = (
			);
			runOnlyForDeploymentPostprocessing = 0;
		};
/* End PBXResourcesBuildPhase section */

/* Begin PBXSourcesBuildPhase section */
		D321B2EC1FE3347E00AC865F /* Sources */ = {
			isa = PBXSourcesBuildPhase;
			buildActionMask = 2147483647;
			files = (
				D321B2FB1FE3347E00AC865F /* Document.xcdatamodeld in Sources */,
				D321B33B1FE33B2900AC865F /* App.swift in Sources */,
				D321B3331FE3355700AC865F /* ThemeExtensions.swift in Sources */,
				D3B3EE931FE727E500456980 /* Color.swift in Sources */,
				D3B1EF361FF2FBE200178D83 /* ColorListViewController.swift in Sources */,
				D3B1EF381FF30A9000178D83 /* PropertyListViewController.swift in Sources */,
				D3B1EF3C1FF319EA00178D83 /* PropertyPickerTableViewCell.swift in Sources */,
				D36A6EB41FF0559F006016D1 /* PropertyPickerTableCellView.swift in Sources */,
				D321B32F1FE3354E00AC865F /* DataModelDelegate.swift in Sources */,
				D3B3EE911FE7275700456980 /* Item.swift in Sources */,
				D321B3321FE3355700AC865F /* AbletonView.swift in Sources */,
				D321B32E1FE3354E00AC865F /* AbletonViewDataSource.swift in Sources */,
				D321B3391FE3361300AC865F /* Theme.swift in Sources */,
				D321B2F41FE3347E00AC865F /* AppDelegate.swift in Sources */,
				D3B1EF3E1FF334EB00178D83 /* MainSplitView.swift in Sources */,
				D321B2F81FE3347E00AC865F /* Document.swift in Sources */,
			);
			runOnlyForDeploymentPostprocessing = 0;
		};
		D321B3031FE3347E00AC865F /* Sources */ = {
			isa = PBXSourcesBuildPhase;
			buildActionMask = 2147483647;
			files = (
				D321B30C1FE3347E00AC865F /* PeltTests.swift in Sources */,
			);
			runOnlyForDeploymentPostprocessing = 0;
		};
		D321B30E1FE3347E00AC865F /* Sources */ = {
			isa = PBXSourcesBuildPhase;
			buildActionMask = 2147483647;
			files = (
				D321B3171FE3347E00AC865F /* PeltUITests.swift in Sources */,
			);
			runOnlyForDeploymentPostprocessing = 0;
		};
/* End PBXSourcesBuildPhase section */

/* Begin PBXTargetDependency section */
		D321B3091FE3347E00AC865F /* PBXTargetDependency */ = {
			isa = PBXTargetDependency;
			target = D321B2EF1FE3347E00AC865F /* Pelt */;
			targetProxy = D321B3081FE3347E00AC865F /* PBXContainerItemProxy */;
		};
		D321B3141FE3347E00AC865F /* PBXTargetDependency */ = {
			isa = PBXTargetDependency;
			target = D321B2EF1FE3347E00AC865F /* Pelt */;
			targetProxy = D321B3131FE3347E00AC865F /* PBXContainerItemProxy */;
		};
/* End PBXTargetDependency section */

/* Begin PBXVariantGroup section */
		D321B2FE1FE3347E00AC865F /* Main.storyboard */ = {
			isa = PBXVariantGroup;
			children = (
				D321B2FF1FE3347E00AC865F /* Base */,
			);
			name = Main.storyboard;
			sourceTree = "<group>";
		};
/* End PBXVariantGroup section */

/* Begin XCBuildConfiguration section */
		D321B3191FE3347E00AC865F /* Debug */ = {
			isa = XCBuildConfiguration;
			buildSettings = {
				ALWAYS_SEARCH_USER_PATHS = NO;
				CLANG_ANALYZER_NONNULL = YES;
				CLANG_ANALYZER_NUMBER_OBJECT_CONVERSION = YES_AGGRESSIVE;
				CLANG_CXX_LANGUAGE_STANDARD = "gnu++14";
				CLANG_CXX_LIBRARY = "libc++";
				CLANG_ENABLE_MODULES = YES;
				CLANG_ENABLE_OBJC_ARC = YES;
				CLANG_WARN_BLOCK_CAPTURE_AUTORELEASING = YES;
				CLANG_WARN_BOOL_CONVERSION = YES;
				CLANG_WARN_COMMA = YES;
				CLANG_WARN_CONSTANT_CONVERSION = YES;
				CLANG_WARN_DIRECT_OBJC_ISA_USAGE = YES_ERROR;
				CLANG_WARN_DOCUMENTATION_COMMENTS = YES;
				CLANG_WARN_EMPTY_BODY = YES;
				CLANG_WARN_ENUM_CONVERSION = YES;
				CLANG_WARN_INFINITE_RECURSION = YES;
				CLANG_WARN_INT_CONVERSION = YES;
				CLANG_WARN_NON_LITERAL_NULL_CONVERSION = YES;
				CLANG_WARN_OBJC_LITERAL_CONVERSION = YES;
				CLANG_WARN_OBJC_ROOT_CLASS = YES_ERROR;
				CLANG_WARN_RANGE_LOOP_ANALYSIS = YES;
				CLANG_WARN_STRICT_PROTOTYPES = YES;
				CLANG_WARN_SUSPICIOUS_MOVE = YES;
				CLANG_WARN_UNGUARDED_AVAILABILITY = YES_AGGRESSIVE;
				CLANG_WARN_UNREACHABLE_CODE = YES;
				CLANG_WARN__DUPLICATE_METHOD_MATCH = YES;
				CODE_SIGN_IDENTITY = "Mac Developer";
				COPY_PHASE_STRIP = NO;
				DEBUG_INFORMATION_FORMAT = dwarf;
				ENABLE_STRICT_OBJC_MSGSEND = YES;
				ENABLE_TESTABILITY = YES;
				FRAMEWORK_SEARCH_PATHS = (
					"$(PROJECT_DIR)",
					"$(inherited)",
					"$(PROJECT_DIR)/Carthage/Build/Mac",
				);
				GCC_C_LANGUAGE_STANDARD = gnu11;
				GCC_DYNAMIC_NO_PIC = NO;
				GCC_NO_COMMON_BLOCKS = YES;
				GCC_OPTIMIZATION_LEVEL = 0;
				GCC_PREPROCESSOR_DEFINITIONS = (
					"DEBUG=1",
					"$(inherited)",
				);
				GCC_WARN_64_TO_32_BIT_CONVERSION = YES;
				GCC_WARN_ABOUT_RETURN_TYPE = YES_ERROR;
				GCC_WARN_UNDECLARED_SELECTOR = YES;
				GCC_WARN_UNINITIALIZED_AUTOS = YES_AGGRESSIVE;
				GCC_WARN_UNUSED_FUNCTION = YES;
				GCC_WARN_UNUSED_VARIABLE = YES;
				MACOSX_DEPLOYMENT_TARGET = 10.13;
				MTL_ENABLE_DEBUG_INFO = YES;
				ONLY_ACTIVE_ARCH = YES;
				SDKROOT = macosx;
				SWIFT_ACTIVE_COMPILATION_CONDITIONS = DEBUG;
				SWIFT_OPTIMIZATION_LEVEL = "-Onone";
			};
			name = Debug;
		};
		D321B31A1FE3347E00AC865F /* Release */ = {
			isa = XCBuildConfiguration;
			buildSettings = {
				ALWAYS_SEARCH_USER_PATHS = NO;
				CLANG_ANALYZER_NONNULL = YES;
				CLANG_ANALYZER_NUMBER_OBJECT_CONVERSION = YES_AGGRESSIVE;
				CLANG_CXX_LANGUAGE_STANDARD = "gnu++14";
				CLANG_CXX_LIBRARY = "libc++";
				CLANG_ENABLE_MODULES = YES;
				CLANG_ENABLE_OBJC_ARC = YES;
				CLANG_WARN_BLOCK_CAPTURE_AUTORELEASING = YES;
				CLANG_WARN_BOOL_CONVERSION = YES;
				CLANG_WARN_COMMA = YES;
				CLANG_WARN_CONSTANT_CONVERSION = YES;
				CLANG_WARN_DIRECT_OBJC_ISA_USAGE = YES_ERROR;
				CLANG_WARN_DOCUMENTATION_COMMENTS = YES;
				CLANG_WARN_EMPTY_BODY = YES;
				CLANG_WARN_ENUM_CONVERSION = YES;
				CLANG_WARN_INFINITE_RECURSION = YES;
				CLANG_WARN_INT_CONVERSION = YES;
				CLANG_WARN_NON_LITERAL_NULL_CONVERSION = YES;
				CLANG_WARN_OBJC_LITERAL_CONVERSION = YES;
				CLANG_WARN_OBJC_ROOT_CLASS = YES_ERROR;
				CLANG_WARN_RANGE_LOOP_ANALYSIS = YES;
				CLANG_WARN_STRICT_PROTOTYPES = YES;
				CLANG_WARN_SUSPICIOUS_MOVE = YES;
				CLANG_WARN_UNGUARDED_AVAILABILITY = YES_AGGRESSIVE;
				CLANG_WARN_UNREACHABLE_CODE = YES;
				CLANG_WARN__DUPLICATE_METHOD_MATCH = YES;
				CODE_SIGN_IDENTITY = "Mac Developer";
				COPY_PHASE_STRIP = NO;
				DEBUG_INFORMATION_FORMAT = "dwarf-with-dsym";
				ENABLE_NS_ASSERTIONS = NO;
				ENABLE_STRICT_OBJC_MSGSEND = YES;
				FRAMEWORK_SEARCH_PATHS = (
					"$(PROJECT_DIR)",
					"$(inherited)",
					"$(PROJECT_DIR)/Carthage/Build/Mac",
				);
				GCC_C_LANGUAGE_STANDARD = gnu11;
				GCC_NO_COMMON_BLOCKS = YES;
				GCC_WARN_64_TO_32_BIT_CONVERSION = YES;
				GCC_WARN_ABOUT_RETURN_TYPE = YES_ERROR;
				GCC_WARN_UNDECLARED_SELECTOR = YES;
				GCC_WARN_UNINITIALIZED_AUTOS = YES_AGGRESSIVE;
				GCC_WARN_UNUSED_FUNCTION = YES;
				GCC_WARN_UNUSED_VARIABLE = YES;
				MACOSX_DEPLOYMENT_TARGET = 10.13;
				MTL_ENABLE_DEBUG_INFO = NO;
				SDKROOT = macosx;
				SWIFT_OPTIMIZATION_LEVEL = "-Owholemodule";
			};
			name = Release;
		};
		D321B31C1FE3347E00AC865F /* Debug */ = {
			isa = XCBuildConfiguration;
			buildSettings = {
				ASSETCATALOG_COMPILER_APPICON_NAME = AppIcon;
				CODE_SIGN_ENTITLEMENTS = Pelt/Pelt.entitlements;
				CODE_SIGN_STYLE = Automatic;
				COMBINE_HIDPI_IMAGES = YES;
				DEVELOPMENT_TEAM = B4MRNC88BC;
				INFOPLIST_FILE = Pelt/Info.plist;
				LD_RUNPATH_SEARCH_PATHS = "$(inherited) @executable_path/../Frameworks";
				PRODUCT_BUNDLE_IDENTIFIER = iko.eviathan.Pelt;
				PRODUCT_NAME = "$(TARGET_NAME)";
				SWIFT_VERSION = 4.0;
			};
			name = Debug;
		};
		D321B31D1FE3347E00AC865F /* Release */ = {
			isa = XCBuildConfiguration;
			buildSettings = {
				ASSETCATALOG_COMPILER_APPICON_NAME = AppIcon;
				CODE_SIGN_ENTITLEMENTS = Pelt/Pelt.entitlements;
				CODE_SIGN_STYLE = Automatic;
				COMBINE_HIDPI_IMAGES = YES;
				DEVELOPMENT_TEAM = B4MRNC88BC;
				INFOPLIST_FILE = Pelt/Info.plist;
				LD_RUNPATH_SEARCH_PATHS = "$(inherited) @executable_path/../Frameworks";
				PRODUCT_BUNDLE_IDENTIFIER = iko.eviathan.Pelt;
				PRODUCT_NAME = "$(TARGET_NAME)";
				SWIFT_VERSION = 4.0;
			};
			name = Release;
		};
		D321B31F1FE3347E00AC865F /* Debug */ = {
			isa = XCBuildConfiguration;
			buildSettings = {
				ALWAYS_EMBED_SWIFT_STANDARD_LIBRARIES = YES;
				BUNDLE_LOADER = "$(TEST_HOST)";
				CODE_SIGN_STYLE = Automatic;
				COMBINE_HIDPI_IMAGES = YES;
				DEVELOPMENT_TEAM = B4MRNC88BC;
				INFOPLIST_FILE = PeltTests/Info.plist;
				LD_RUNPATH_SEARCH_PATHS = "$(inherited) @executable_path/../Frameworks @loader_path/../Frameworks";
				PRODUCT_BUNDLE_IDENTIFIER = iko.eviathan.PeltTests;
				PRODUCT_NAME = "$(TARGET_NAME)";
				SWIFT_VERSION = 4.0;
				TEST_HOST = "$(BUILT_PRODUCTS_DIR)/Pelt.app/Contents/MacOS/Pelt";
			};
			name = Debug;
		};
		D321B3201FE3347E00AC865F /* Release */ = {
			isa = XCBuildConfiguration;
			buildSettings = {
				ALWAYS_EMBED_SWIFT_STANDARD_LIBRARIES = YES;
				BUNDLE_LOADER = "$(TEST_HOST)";
				CODE_SIGN_STYLE = Automatic;
				COMBINE_HIDPI_IMAGES = YES;
				DEVELOPMENT_TEAM = B4MRNC88BC;
				INFOPLIST_FILE = PeltTests/Info.plist;
				LD_RUNPATH_SEARCH_PATHS = "$(inherited) @executable_path/../Frameworks @loader_path/../Frameworks";
				PRODUCT_BUNDLE_IDENTIFIER = iko.eviathan.PeltTests;
				PRODUCT_NAME = "$(TARGET_NAME)";
				SWIFT_VERSION = 4.0;
				TEST_HOST = "$(BUILT_PRODUCTS_DIR)/Pelt.app/Contents/MacOS/Pelt";
			};
			name = Release;
		};
		D321B3221FE3347E00AC865F /* Debug */ = {
			isa = XCBuildConfiguration;
			buildSettings = {
				ALWAYS_EMBED_SWIFT_STANDARD_LIBRARIES = YES;
				CODE_SIGN_STYLE = Automatic;
				COMBINE_HIDPI_IMAGES = YES;
				DEVELOPMENT_TEAM = B4MRNC88BC;
				INFOPLIST_FILE = PeltUITests/Info.plist;
				LD_RUNPATH_SEARCH_PATHS = "$(inherited) @executable_path/../Frameworks @loader_path/../Frameworks";
				PRODUCT_BUNDLE_IDENTIFIER = iko.eviathan.PeltUITests;
				PRODUCT_NAME = "$(TARGET_NAME)";
				SWIFT_VERSION = 4.0;
				TEST_TARGET_NAME = Pelt;
			};
			name = Debug;
		};
		D321B3231FE3347E00AC865F /* Release */ = {
			isa = XCBuildConfiguration;
			buildSettings = {
				ALWAYS_EMBED_SWIFT_STANDARD_LIBRARIES = YES;
				CODE_SIGN_STYLE = Automatic;
				COMBINE_HIDPI_IMAGES = YES;
				DEVELOPMENT_TEAM = B4MRNC88BC;
				INFOPLIST_FILE = PeltUITests/Info.plist;
				LD_RUNPATH_SEARCH_PATHS = "$(inherited) @executable_path/../Frameworks @loader_path/../Frameworks";
				PRODUCT_BUNDLE_IDENTIFIER = iko.eviathan.PeltUITests;
				PRODUCT_NAME = "$(TARGET_NAME)";
				SWIFT_VERSION = 4.0;
				TEST_TARGET_NAME = Pelt;
			};
			name = Release;
		};
/* End XCBuildConfiguration section */

/* Begin XCConfigurationList section */
		D321B2EB1FE3347E00AC865F /* Build configuration list for PBXProject "Pelt" */ = {
			isa = XCConfigurationList;
			buildConfigurations = (
				D321B3191FE3347E00AC865F /* Debug */,
				D321B31A1FE3347E00AC865F /* Release */,
			);
			defaultConfigurationIsVisible = 0;
			defaultConfigurationName = Release;
		};
		D321B31B1FE3347E00AC865F /* Build configuration list for PBXNativeTarget "Pelt" */ = {
			isa = XCConfigurationList;
			buildConfigurations = (
				D321B31C1FE3347E00AC865F /* Debug */,
				D321B31D1FE3347E00AC865F /* Release */,
			);
			defaultConfigurationIsVisible = 0;
			defaultConfigurationName = Release;
		};
		D321B31E1FE3347E00AC865F /* Build configuration list for PBXNativeTarget "PeltTests" */ = {
			isa = XCConfigurationList;
			buildConfigurations = (
				D321B31F1FE3347E00AC865F /* Debug */,
				D321B3201FE3347E00AC865F /* Release */,
			);
			defaultConfigurationIsVisible = 0;
			defaultConfigurationName = Release;
		};
		D321B3211FE3347E00AC865F /* Build configuration list for PBXNativeTarget "PeltUITests" */ = {
			isa = XCConfigurationList;
			buildConfigurations = (
				D321B3221FE3347E00AC865F /* Debug */,
				D321B3231FE3347E00AC865F /* Release */,
			);
			defaultConfigurationIsVisible = 0;
			defaultConfigurationName = Release;
		};
/* End XCConfigurationList section */

/* Begin XCVersionGroup section */
		D321B2F91FE3347E00AC865F /* Document.xcdatamodeld */ = {
			isa = XCVersionGroup;
			children = (
				D321B2FA1FE3347E00AC865F /* Document.xcdatamodel */,
			);
			currentVersion = D321B2FA1FE3347E00AC865F /* Document.xcdatamodel */;
			path = Document.xcdatamodeld;
			sourceTree = "<group>";
			versionGroupType = wrapper.xcdatamodel;
		};
/* End XCVersionGroup section */
	};
	rootObject = D321B2E81FE3347E00AC865F /* Project object */;
}
